// !$*UTF8*$!
{
	archiveVersion = 1;
	classes = {
	};
	objectVersion = 56;
	objects = {

/* Begin PBXBuildFile section */
		520D80F52AA54AFF0014160F /* UIImageView+GIF.swift in Sources */ = {isa = PBXBuildFile; fileRef = 520D80F42AA54AFF0014160F /* UIImageView+GIF.swift */; };
		52161E3F2AADFAAA008CD8C3 /* shuttergray.png in Resources */ = {isa = PBXBuildFile; fileRef = 52161E3E2AADFAAA008CD8C3 /* shuttergray.png */; };
		52161E412AADFAB0008CD8C3 /* shutterwhite.png in Resources */ = {isa = PBXBuildFile; fileRef = 52161E402AADFAB0008CD8C3 /* shutterwhite.png */; };
		525832D12AA4709F00C19485 /* HEX_a_CAMApp.swift in Sources */ = {isa = PBXBuildFile; fileRef = 525832D02AA4709F00C19485 /* HEX_a_CAMApp.swift */; };
		525832D32AA4709F00C19485 /* ContentView.swift in Sources */ = {isa = PBXBuildFile; fileRef = 525832D22AA4709F00C19485 /* ContentView.swift */; };
		525832D72AA470A100C19485 /* Assets.xcassets in Resources */ = {isa = PBXBuildFile; fileRef = 525832D62AA470A100C19485 /* Assets.xcassets */; };
		525832DA2AA470A100C19485 /* Preview Assets.xcassets in Resources */ = {isa = PBXBuildFile; fileRef = 525832D92AA470A100C19485 /* Preview Assets.xcassets */; };
		525832E42AA470A100C19485 /* HEX_a_CAMTests.swift in Sources */ = {isa = PBXBuildFile; fileRef = 525832E32AA470A100C19485 /* HEX_a_CAMTests.swift */; };
		525832EE2AA470A100C19485 /* HEX_a_CAMUITests.swift in Sources */ = {isa = PBXBuildFile; fileRef = 525832ED2AA470A100C19485 /* HEX_a_CAMUITests.swift */; };
		525832F02AA470A100C19485 /* HEX_a_CAMUITestsLaunchTests.swift in Sources */ = {isa = PBXBuildFile; fileRef = 525832EF2AA470A100C19485 /* HEX_a_CAMUITestsLaunchTests.swift */; };
		525832FD2AA471B000C19485 /* CameraView.swift in Sources */ = {isa = PBXBuildFile; fileRef = 525832FC2AA471B000C19485 /* CameraView.swift */; };
		525832FF2AA471F800C19485 /* CameraViewModel.swift in Sources */ = {isa = PBXBuildFile; fileRef = 525832FE2AA471F800C19485 /* CameraViewModel.swift */; };
		525833012AA4723E00C19485 /* CameraController.swift in Sources */ = {isa = PBXBuildFile; fileRef = 525833002AA4723E00C19485 /* CameraController.swift */; };
		525833032AA472D400C19485 /* ViewController.swift in Sources */ = {isa = PBXBuildFile; fileRef = 525833022AA472D400C19485 /* ViewController.swift */; };
		525833052AA4736D00C19485 /* Persistence.swift in Sources */ = {isa = PBXBuildFile; fileRef = 525833042AA4736D00C19485 /* Persistence.swift */; };
		525833072AA4830800C19485 /* Item.swift in Sources */ = {isa = PBXBuildFile; fileRef = 525833062AA4830800C19485 /* Item.swift */; };
		5277B3272AB19E0400398197 /* launch.gif in Resources */ = {isa = PBXBuildFile; fileRef = 5277B3262AB19E0400398197 /* launch.gif */; };
		527ED24E2AAABBB60062216A /* petals.gif in Resources */ = {isa = PBXBuildFile; fileRef = 527ED24D2AAABBB60062216A /* petals.gif */; };
		529E4A4E2AA94B0200BC7F40 /* GIFView.swift in Sources */ = {isa = PBXBuildFile; fileRef = 529E4A4D2AA94B0200BC7F40 /* GIFView.swift */; };
		52B309842AABA90E00AD1DF0 /* shuddergrad.gif in Resources */ = {isa = PBXBuildFile; fileRef = 52B309832AABA90E00AD1DF0 /* shuddergrad.gif */; };
		52BDC1CB2AB123A20064B859 /* UIImage+GIF.swift in Sources */ = {isa = PBXBuildFile; fileRef = 52BDC1CA2AB123A20064B859 /* UIImage+GIF.swift */; };
/* End PBXBuildFile section */

/* Begin PBXContainerItemProxy section */
		525832E02AA470A100C19485 /* PBXContainerItemProxy */ = {
			isa = PBXContainerItemProxy;
			containerPortal = 525832C52AA4709F00C19485 /* Project object */;
			proxyType = 1;
			remoteGlobalIDString = 525832CC2AA4709F00C19485;
			remoteInfo = "HEX-a-CAM";
		};
		525832EA2AA470A100C19485 /* PBXContainerItemProxy */ = {
			isa = PBXContainerItemProxy;
			containerPortal = 525832C52AA4709F00C19485 /* Project object */;
			proxyType = 1;
			remoteGlobalIDString = 525832CC2AA4709F00C19485;
			remoteInfo = "HEX-a-CAM";
		};
/* End PBXContainerItemProxy section */

/* Begin PBXFileReference section */
		520D80F42AA54AFF0014160F /* UIImageView+GIF.swift */ = {isa = PBXFileReference; lastKnownFileType = sourcecode.swift; path = "UIImageView+GIF.swift"; sourceTree = "<group>"; };
		52161E3E2AADFAAA008CD8C3 /* shuttergray.png */ = {isa = PBXFileReference; lastKnownFileType = image.png; path = shuttergray.png; sourceTree = "<group>"; };
		52161E402AADFAB0008CD8C3 /* shutterwhite.png */ = {isa = PBXFileReference; lastKnownFileType = image.png; path = shutterwhite.png; sourceTree = "<group>"; };
		525832CD2AA4709F00C19485 /* HEX-a-CAM.app */ = {isa = PBXFileReference; explicitFileType = wrapper.application; includeInIndex = 0; path = "HEX-a-CAM.app"; sourceTree = BUILT_PRODUCTS_DIR; };
		525832D02AA4709F00C19485 /* HEX_a_CAMApp.swift */ = {isa = PBXFileReference; lastKnownFileType = sourcecode.swift; path = HEX_a_CAMApp.swift; sourceTree = "<group>"; };
		525832D22AA4709F00C19485 /* ContentView.swift */ = {isa = PBXFileReference; lastKnownFileType = sourcecode.swift; path = ContentView.swift; sourceTree = "<group>"; };
		525832D62AA470A100C19485 /* Assets.xcassets */ = {isa = PBXFileReference; lastKnownFileType = folder.assetcatalog; path = Assets.xcassets; sourceTree = "<group>"; };
		525832D92AA470A100C19485 /* Preview Assets.xcassets */ = {isa = PBXFileReference; lastKnownFileType = folder.assetcatalog; path = "Preview Assets.xcassets"; sourceTree = "<group>"; };
		525832DF2AA470A100C19485 /* HEX-a-CAMTests.xctest */ = {isa = PBXFileReference; explicitFileType = wrapper.cfbundle; includeInIndex = 0; path = "HEX-a-CAMTests.xctest"; sourceTree = BUILT_PRODUCTS_DIR; };
		525832E32AA470A100C19485 /* HEX_a_CAMTests.swift */ = {isa = PBXFileReference; lastKnownFileType = sourcecode.swift; path = HEX_a_CAMTests.swift; sourceTree = "<group>"; };
		525832E92AA470A100C19485 /* HEX-a-CAMUITests.xctest */ = {isa = PBXFileReference; explicitFileType = wrapper.cfbundle; includeInIndex = 0; path = "HEX-a-CAMUITests.xctest"; sourceTree = BUILT_PRODUCTS_DIR; };
		525832ED2AA470A100C19485 /* HEX_a_CAMUITests.swift */ = {isa = PBXFileReference; lastKnownFileType = sourcecode.swift; path = HEX_a_CAMUITests.swift; sourceTree = "<group>"; };
		525832EF2AA470A100C19485 /* HEX_a_CAMUITestsLaunchTests.swift */ = {isa = PBXFileReference; lastKnownFileType = sourcecode.swift; path = HEX_a_CAMUITestsLaunchTests.swift; sourceTree = "<group>"; };
		525832FC2AA471B000C19485 /* CameraView.swift */ = {isa = PBXFileReference; lastKnownFileType = sourcecode.swift; path = CameraView.swift; sourceTree = "<group>"; };
		525832FE2AA471F800C19485 /* CameraViewModel.swift */ = {isa = PBXFileReference; lastKnownFileType = sourcecode.swift; path = CameraViewModel.swift; sourceTree = "<group>"; };
		525833002AA4723E00C19485 /* CameraController.swift */ = {isa = PBXFileReference; lastKnownFileType = sourcecode.swift; path = CameraController.swift; sourceTree = "<group>"; };
		525833022AA472D400C19485 /* ViewController.swift */ = {isa = PBXFileReference; lastKnownFileType = sourcecode.swift; path = ViewController.swift; sourceTree = "<group>"; };
		525833042AA4736D00C19485 /* Persistence.swift */ = {isa = PBXFileReference; lastKnownFileType = sourcecode.swift; path = Persistence.swift; sourceTree = "<group>"; };
		525833062AA4830800C19485 /* Item.swift */ = {isa = PBXFileReference; fileEncoding = 4; lastKnownFileType = sourcecode.swift; path = Item.swift; sourceTree = "<group>"; };
		525833082AA493AE00C19485 /* Info.plist */ = {isa = PBXFileReference; lastKnownFileType = text.plist; path = Info.plist; sourceTree = "<group>"; };
		5277B3262AB19E0400398197 /* launch.gif */ = {isa = PBXFileReference; lastKnownFileType = image.gif; path = launch.gif; sourceTree = "<group>"; };
		527ED24D2AAABBB60062216A /* petals.gif */ = {isa = PBXFileReference; lastKnownFileType = image.gif; path = petals.gif; sourceTree = "<group>"; };
		529E4A4D2AA94B0200BC7F40 /* GIFView.swift */ = {isa = PBXFileReference; lastKnownFileType = sourcecode.swift; path = GIFView.swift; sourceTree = "<group>"; };
		52B309832AABA90E00AD1DF0 /* shuddergrad.gif */ = {isa = PBXFileReference; lastKnownFileType = image.gif; path = shuddergrad.gif; sourceTree = "<group>"; };
		52BDC1CA2AB123A20064B859 /* UIImage+GIF.swift */ = {isa = PBXFileReference; lastKnownFileType = sourcecode.swift; path = "UIImage+GIF.swift"; sourceTree = "<group>"; };
/* End PBXFileReference section */

/* Begin PBXFrameworksBuildPhase section */
		525832CA2AA4709F00C19485 /* Frameworks */ = {
			isa = PBXFrameworksBuildPhase;
			buildActionMask = 2147483647;
			files = (
			);
			runOnlyForDeploymentPostprocessing = 0;
		};
		525832DC2AA470A100C19485 /* Frameworks */ = {
			isa = PBXFrameworksBuildPhase;
			buildActionMask = 2147483647;
			files = (
			);
			runOnlyForDeploymentPostprocessing = 0;
		};
		525832E62AA470A100C19485 /* Frameworks */ = {
			isa = PBXFrameworksBuildPhase;
			buildActionMask = 2147483647;
			files = (
			);
			runOnlyForDeploymentPostprocessing = 0;
		};
/* End PBXFrameworksBuildPhase section */

/* Begin PBXGroup section */
		525832C42AA4709F00C19485 = {
			isa = PBXGroup;
			children = (
				525832CF2AA4709F00C19485 /* HEX-a-CAM */,
				525832EC2AA470A100C19485 /* HEX-a-CAMUITests */,
				525832CE2AA4709F00C19485 /* Products */,
			);
			sourceTree = "<group>";
		};
		525832CE2AA4709F00C19485 /* Products */ = {
			isa = PBXGroup;
			children = (
				525832CD2AA4709F00C19485 /* HEX-a-CAM.app */,
				525832DF2AA470A100C19485 /* HEX-a-CAMTests.xctest */,
				525832E92AA470A100C19485 /* HEX-a-CAMUITests.xctest */,
			);
			name = Products;
			sourceTree = "<group>";
		};
		525832CF2AA4709F00C19485 /* HEX-a-CAM */ = {
			isa = PBXGroup;
			children = (
				525833082AA493AE00C19485 /* Info.plist */,
				525832D02AA4709F00C19485 /* HEX_a_CAMApp.swift */,
				525832D22AA4709F00C19485 /* ContentView.swift */,
				529E4A4D2AA94B0200BC7F40 /* GIFView.swift */,
				520D80F42AA54AFF0014160F /* UIImageView+GIF.swift */,
				525832FC2AA471B000C19485 /* CameraView.swift */,
				525832FE2AA471F800C19485 /* CameraViewModel.swift */,
				525833002AA4723E00C19485 /* CameraController.swift */,
				52BDC1CA2AB123A20064B859 /* UIImage+GIF.swift */,
				525833062AA4830800C19485 /* Item.swift */,
				525832D62AA470A100C19485 /* Assets.xcassets */,
				52161E402AADFAB0008CD8C3 /* shutterwhite.png */,
				52161E3E2AADFAAA008CD8C3 /* shuttergray.png */,
				527ED24D2AAABBB60062216A /* petals.gif */,
				52B309832AABA90E00AD1DF0 /* shuddergrad.gif */,
				5277B3262AB19E0400398197 /* launch.gif */,
				525832D82AA470A100C19485 /* Preview Content */,
				525833022AA472D400C19485 /* ViewController.swift */,
				525833042AA4736D00C19485 /* Persistence.swift */,
			);
			path = "HEX-a-CAM";
			sourceTree = "<group>";
		};
		525832D82AA470A100C19485 /* Preview Content */ = {
			isa = PBXGroup;
			children = (
				525832D92AA470A100C19485 /* Preview Assets.xcassets */,
			);
			path = "Preview Content";
			sourceTree = "<group>";
		};
		525832E22AA470A100C19485 /* HEX-a-CAMTests */ = {
			isa = PBXGroup;
			children = (
				525832E32AA470A100C19485 /* HEX_a_CAMTests.swift */,
			);
			path = "HEX-a-CAMTests";
			sourceTree = "<group>";
		};
		525832EC2AA470A100C19485 /* HEX-a-CAMUITests */ = {
			isa = PBXGroup;
			children = (
				525832E22AA470A100C19485 /* HEX-a-CAMTests */,
				525832ED2AA470A100C19485 /* HEX_a_CAMUITests.swift */,
				525832EF2AA470A100C19485 /* HEX_a_CAMUITestsLaunchTests.swift */,
			);
			path = "HEX-a-CAMUITests";
			sourceTree = "<group>";
		};
/* End PBXGroup section */

/* Begin PBXNativeTarget section */
		525832CC2AA4709F00C19485 /* HEX-a-CAM */ = {
			isa = PBXNativeTarget;
			buildConfigurationList = 525832F32AA470A100C19485 /* Build configuration list for PBXNativeTarget "HEX-a-CAM" */;
			buildPhases = (
				525832C92AA4709F00C19485 /* Sources */,
				525832CA2AA4709F00C19485 /* Frameworks */,
				525832CB2AA4709F00C19485 /* Resources */,
			);
			buildRules = (
			);
			dependencies = (
			);
			name = "HEX-a-CAM";
			productName = "HEX-a-CAM";
			productReference = 525832CD2AA4709F00C19485 /* HEX-a-CAM.app */;
			productType = "com.apple.product-type.application";
		};
		525832DE2AA470A100C19485 /* HEX-a-CAMTests */ = {
			isa = PBXNativeTarget;
			buildConfigurationList = 525832F62AA470A100C19485 /* Build configuration list for PBXNativeTarget "HEX-a-CAMTests" */;
			buildPhases = (
				525832DB2AA470A100C19485 /* Sources */,
				525832DC2AA470A100C19485 /* Frameworks */,
				525832DD2AA470A100C19485 /* Resources */,
			);
			buildRules = (
			);
			dependencies = (
				525832E12AA470A100C19485 /* PBXTargetDependency */,
			);
			name = "HEX-a-CAMTests";
			productName = "HEX-a-CAMTests";
			productReference = 525832DF2AA470A100C19485 /* HEX-a-CAMTests.xctest */;
			productType = "com.apple.product-type.bundle.unit-test";
		};
		525832E82AA470A100C19485 /* HEX-a-CAMUITests */ = {
			isa = PBXNativeTarget;
			buildConfigurationList = 525832F92AA470A100C19485 /* Build configuration list for PBXNativeTarget "HEX-a-CAMUITests" */;
			buildPhases = (
				525832E52AA470A100C19485 /* Sources */,
				525832E62AA470A100C19485 /* Frameworks */,
				525832E72AA470A100C19485 /* Resources */,
			);
			buildRules = (
			);
			dependencies = (
				525832EB2AA470A100C19485 /* PBXTargetDependency */,
			);
			name = "HEX-a-CAMUITests";
			productName = "HEX-a-CAMUITests";
			productReference = 525832E92AA470A100C19485 /* HEX-a-CAMUITests.xctest */;
			productType = "com.apple.product-type.bundle.ui-testing";
		};
/* End PBXNativeTarget section */

/* Begin PBXProject section */
		525832C52AA4709F00C19485 /* Project object */ = {
			isa = PBXProject;
			attributes = {
				BuildIndependentTargetsInParallel = 1;
				LastSwiftUpdateCheck = 1500;
				LastUpgradeCheck = 1500;
				TargetAttributes = {
					525832CC2AA4709F00C19485 = {
						CreatedOnToolsVersion = 15.0;
					};
					525832DE2AA470A100C19485 = {
						CreatedOnToolsVersion = 15.0;
						TestTargetID = 525832CC2AA4709F00C19485;
					};
					525832E82AA470A100C19485 = {
						CreatedOnToolsVersion = 15.0;
						TestTargetID = 525832CC2AA4709F00C19485;
					};
				};
			};
			buildConfigurationList = 525832C82AA4709F00C19485 /* Build configuration list for PBXProject "HEX-a-CAM" */;
			compatibilityVersion = "Xcode 14.0";
			developmentRegion = en;
			hasScannedForEncodings = 0;
			knownRegions = (
				en,
				Base,
			);
			mainGroup = 525832C42AA4709F00C19485;
			productRefGroup = 525832CE2AA4709F00C19485 /* Products */;
			projectDirPath = "";
			projectRoot = "";
			targets = (
				525832CC2AA4709F00C19485 /* HEX-a-CAM */,
				525832DE2AA470A100C19485 /* HEX-a-CAMTests */,
				525832E82AA470A100C19485 /* HEX-a-CAMUITests */,
			);
		};
/* End PBXProject section */

/* Begin PBXResourcesBuildPhase section */
		525832CB2AA4709F00C19485 /* Resources */ = {
			isa = PBXResourcesBuildPhase;
			buildActionMask = 2147483647;
			files = (
				525832DA2AA470A100C19485 /* Preview Assets.xcassets in Resources */,
				525832D72AA470A100C19485 /* Assets.xcassets in Resources */,
				527ED24E2AAABBB60062216A /* petals.gif in Resources */,
				52161E412AADFAB0008CD8C3 /* shutterwhite.png in Resources */,
				52B309842AABA90E00AD1DF0 /* shuddergrad.gif in Resources */,
				5277B3272AB19E0400398197 /* launch.gif in Resources */,
				52161E3F2AADFAAA008CD8C3 /* shuttergray.png in Resources */,
			);
			runOnlyForDeploymentPostprocessing = 0;
		};
		525832DD2AA470A100C19485 /* Resources */ = {
			isa = PBXResourcesBuildPhase;
			buildActionMask = 2147483647;
			files = (
			);
			runOnlyForDeploymentPostprocessing = 0;
		};
		525832E72AA470A100C19485 /* Resources */ = {
			isa = PBXResourcesBuildPhase;
			buildActionMask = 2147483647;
			files = (
			);
			runOnlyForDeploymentPostprocessing = 0;
		};
/* End PBXResourcesBuildPhase section */

/* Begin PBXSourcesBuildPhase section */
		525832C92AA4709F00C19485 /* Sources */ = {
			isa = PBXSourcesBuildPhase;
			buildActionMask = 2147483647;
			files = (
				525833032AA472D400C19485 /* ViewController.swift in Sources */,
				529E4A4E2AA94B0200BC7F40 /* GIFView.swift in Sources */,
				525832D32AA4709F00C19485 /* ContentView.swift in Sources */,
				525832FF2AA471F800C19485 /* CameraViewModel.swift in Sources */,
				525833052AA4736D00C19485 /* Persistence.swift in Sources */,
				525833072AA4830800C19485 /* Item.swift in Sources */,
				525832D12AA4709F00C19485 /* HEX_a_CAMApp.swift in Sources */,
				525832FD2AA471B000C19485 /* CameraView.swift in Sources */,
				525833012AA4723E00C19485 /* CameraController.swift in Sources */,
				52BDC1CB2AB123A20064B859 /* UIImage+GIF.swift in Sources */,
				520D80F52AA54AFF0014160F /* UIImageView+GIF.swift in Sources */,
			);
			runOnlyForDeploymentPostprocessing = 0;
		};
		525832DB2AA470A100C19485 /* Sources */ = {
			isa = PBXSourcesBuildPhase;
			buildActionMask = 2147483647;
			files = (
				525832E42AA470A100C19485 /* HEX_a_CAMTests.swift in Sources */,
			);
			runOnlyForDeploymentPostprocessing = 0;
		};
		525832E52AA470A100C19485 /* Sources */ = {
			isa = PBXSourcesBuildPhase;
			buildActionMask = 2147483647;
			files = (
				525832F02AA470A100C19485 /* HEX_a_CAMUITestsLaunchTests.swift in Sources */,
				525832EE2AA470A100C19485 /* HEX_a_CAMUITests.swift in Sources */,
			);
			runOnlyForDeploymentPostprocessing = 0;
		};
/* End PBXSourcesBuildPhase section */

/* Begin PBXTargetDependency section */
		525832E12AA470A100C19485 /* PBXTargetDependency */ = {
			isa = PBXTargetDependency;
			target = 525832CC2AA4709F00C19485 /* HEX-a-CAM */;
			targetProxy = 525832E02AA470A100C19485 /* PBXContainerItemProxy */;
		};
		525832EB2AA470A100C19485 /* PBXTargetDependency */ = {
			isa = PBXTargetDependency;
			target = 525832CC2AA4709F00C19485 /* HEX-a-CAM */;
			targetProxy = 525832EA2AA470A100C19485 /* PBXContainerItemProxy */;
		};
/* End PBXTargetDependency section */

/* Begin XCBuildConfiguration section */
		525832F12AA470A100C19485 /* Debug */ = {
			isa = XCBuildConfiguration;
			buildSettings = {
				ALWAYS_SEARCH_USER_PATHS = NO;
				ASSETCATALOG_COMPILER_GENERATE_SWIFT_ASSET_SYMBOL_EXTENSIONS = YES;
				CLANG_ANALYZER_NONNULL = YES;
				CLANG_ANALYZER_NUMBER_OBJECT_CONVERSION = YES_AGGRESSIVE;
				CLANG_CXX_LANGUAGE_STANDARD = "gnu++20";
				CLANG_ENABLE_MODULES = YES;
				CLANG_ENABLE_OBJC_ARC = YES;
				CLANG_ENABLE_OBJC_WEAK = YES;
				CLANG_WARN_BLOCK_CAPTURE_AUTORELEASING = YES;
				CLANG_WARN_BOOL_CONVERSION = YES;
				CLANG_WARN_COMMA = YES;
				CLANG_WARN_CONSTANT_CONVERSION = YES;
				CLANG_WARN_DEPRECATED_OBJC_IMPLEMENTATIONS = YES;
				CLANG_WARN_DIRECT_OBJC_ISA_USAGE = YES_ERROR;
				CLANG_WARN_DOCUMENTATION_COMMENTS = YES;
				CLANG_WARN_EMPTY_BODY = YES;
				CLANG_WARN_ENUM_CONVERSION = YES;
				CLANG_WARN_INFINITE_RECURSION = YES;
				CLANG_WARN_INT_CONVERSION = YES;
				CLANG_WARN_NON_LITERAL_NULL_CONVERSION = YES;
				CLANG_WARN_OBJC_IMPLICIT_RETAIN_SELF = YES;
				CLANG_WARN_OBJC_LITERAL_CONVERSION = YES;
				CLANG_WARN_OBJC_ROOT_CLASS = YES_ERROR;
				CLANG_WARN_QUOTED_INCLUDE_IN_FRAMEWORK_HEADER = YES;
				CLANG_WARN_RANGE_LOOP_ANALYSIS = YES;
				CLANG_WARN_STRICT_PROTOTYPES = YES;
				CLANG_WARN_SUSPICIOUS_MOVE = YES;
				CLANG_WARN_UNGUARDED_AVAILABILITY = YES_AGGRESSIVE;
				CLANG_WARN_UNREACHABLE_CODE = YES;
				CLANG_WARN__DUPLICATE_METHOD_MATCH = YES;
				COPY_PHASE_STRIP = NO;
				DEBUG_INFORMATION_FORMAT = dwarf;
				ENABLE_STRICT_OBJC_MSGSEND = YES;
				ENABLE_TESTABILITY = YES;
				ENABLE_USER_SCRIPT_SANDBOXING = YES;
				GCC_C_LANGUAGE_STANDARD = gnu17;
				GCC_DYNAMIC_NO_PIC = NO;
				GCC_NO_COMMON_BLOCKS = YES;
				GCC_OPTIMIZATION_LEVEL = 0;
				GCC_PREPROCESSOR_DEFINITIONS = (
					"DEBUG=1",
					"$(inherited)",
				);
				GCC_WARN_64_TO_32_BIT_CONVERSION = YES;
				GCC_WARN_ABOUT_RETURN_TYPE = YES_ERROR;
				GCC_WARN_UNDECLARED_SELECTOR = YES;
				GCC_WARN_UNINITIALIZED_AUTOS = YES_AGGRESSIVE;
				GCC_WARN_UNUSED_FUNCTION = YES;
				GCC_WARN_UNUSED_VARIABLE = YES;
				IPHONEOS_DEPLOYMENT_TARGET = 17.0;
				LOCALIZATION_PREFERS_STRING_CATALOGS = YES;
				MTL_ENABLE_DEBUG_INFO = INCLUDE_SOURCE;
				MTL_FAST_MATH = YES;
				ONLY_ACTIVE_ARCH = YES;
				SDKROOT = iphoneos;
				SWIFT_ACTIVE_COMPILATION_CONDITIONS = "DEBUG $(inherited)";
				SWIFT_OPTIMIZATION_LEVEL = "-Onone";
			};
			name = Debug;
		};
		525832F22AA470A100C19485 /* Release */ = {
			isa = XCBuildConfiguration;
			buildSettings = {
				ALWAYS_SEARCH_USER_PATHS = NO;
				ASSETCATALOG_COMPILER_GENERATE_SWIFT_ASSET_SYMBOL_EXTENSIONS = YES;
				CLANG_ANALYZER_NONNULL = YES;
				CLANG_ANALYZER_NUMBER_OBJECT_CONVERSION = YES_AGGRESSIVE;
				CLANG_CXX_LANGUAGE_STANDARD = "gnu++20";
				CLANG_ENABLE_MODULES = YES;
				CLANG_ENABLE_OBJC_ARC = YES;
				CLANG_ENABLE_OBJC_WEAK = YES;
				CLANG_WARN_BLOCK_CAPTURE_AUTORELEASING = YES;
				CLANG_WARN_BOOL_CONVERSION = YES;
				CLANG_WARN_COMMA = YES;
				CLANG_WARN_CONSTANT_CONVERSION = YES;
				CLANG_WARN_DEPRECATED_OBJC_IMPLEMENTATIONS = YES;
				CLANG_WARN_DIRECT_OBJC_ISA_USAGE = YES_ERROR;
				CLANG_WARN_DOCUMENTATION_COMMENTS = YES;
				CLANG_WARN_EMPTY_BODY = YES;
				CLANG_WARN_ENUM_CONVERSION = YES;
				CLANG_WARN_INFINITE_RECURSION = YES;
				CLANG_WARN_INT_CONVERSION = YES;
				CLANG_WARN_NON_LITERAL_NULL_CONVERSION = YES;
				CLANG_WARN_OBJC_IMPLICIT_RETAIN_SELF = YES;
				CLANG_WARN_OBJC_LITERAL_CONVERSION = YES;
				CLANG_WARN_OBJC_ROOT_CLASS = YES_ERROR;
				CLANG_WARN_QUOTED_INCLUDE_IN_FRAMEWORK_HEADER = YES;
				CLANG_WARN_RANGE_LOOP_ANALYSIS = YES;
				CLANG_WARN_STRICT_PROTOTYPES = YES;
				CLANG_WARN_SUSPICIOUS_MOVE = YES;
				CLANG_WARN_UNGUARDED_AVAILABILITY = YES_AGGRESSIVE;
				CLANG_WARN_UNREACHABLE_CODE = YES;
				CLANG_WARN__DUPLICATE_METHOD_MATCH = YES;
				COPY_PHASE_STRIP = NO;
				DEBUG_INFORMATION_FORMAT = "dwarf-with-dsym";
				ENABLE_NS_ASSERTIONS = NO;
				ENABLE_STRICT_OBJC_MSGSEND = YES;
				ENABLE_USER_SCRIPT_SANDBOXING = YES;
				GCC_C_LANGUAGE_STANDARD = gnu17;
				GCC_NO_COMMON_BLOCKS = YES;
				GCC_WARN_64_TO_32_BIT_CONVERSION = YES;
				GCC_WARN_ABOUT_RETURN_TYPE = YES_ERROR;
				GCC_WARN_UNDECLARED_SELECTOR = YES;
				GCC_WARN_UNINITIALIZED_AUTOS = YES_AGGRESSIVE;
				GCC_WARN_UNUSED_FUNCTION = YES;
				GCC_WARN_UNUSED_VARIABLE = YES;
				IPHONEOS_DEPLOYMENT_TARGET = 17.0;
				LOCALIZATION_PREFERS_STRING_CATALOGS = YES;
				MTL_ENABLE_DEBUG_INFO = NO;
				MTL_FAST_MATH = YES;
				SDKROOT = iphoneos;
				SWIFT_COMPILATION_MODE = wholemodule;
				VALIDATE_PRODUCT = YES;
			};
			name = Release;
		};
		525832F42AA470A100C19485 /* Debug */ = {
			isa = XCBuildConfiguration;
			buildSettings = {
				ASSETCATALOG_COMPILER_APPICON_NAME = AppIcon;
				ASSETCATALOG_COMPILER_GLOBAL_ACCENT_COLOR_NAME = AccentColor;
				CODE_SIGN_STYLE = Automatic;
				CURRENT_PROJECT_VERSION = 1;
				DEVELOPMENT_ASSET_PATHS = "\"HEX-a-CAM/Preview Content\"";
				DEVELOPMENT_TEAM = 8XV3YM4AAQ;
				ENABLE_PREVIEWS = YES;
				GENERATE_INFOPLIST_FILE = YES;
				INFOPLIST_FILE = "HEX-a-CAM/Info.plist";
				INFOPLIST_KEY_NSCameraUsageDescription = "HEX-a-CAM needs camera access to detect colors for the app to function correctly. ";
				INFOPLIST_KEY_NSVideoSubscriberAccountUsageDescription = "";
				INFOPLIST_KEY_UIApplicationSceneManifest_Generation = YES;
				INFOPLIST_KEY_UIApplicationSupportsIndirectInputEvents = YES;
				INFOPLIST_KEY_UILaunchScreen_Generation = YES;
				INFOPLIST_KEY_UILaunchStoryboardName = LaunchScreen.storyboard;
				INFOPLIST_KEY_UISupportedInterfaceOrientations_iPad = "UIInterfaceOrientationPortrait UIInterfaceOrientationPortraitUpsideDown UIInterfaceOrientationLandscapeLeft UIInterfaceOrientationLandscapeRight";
				INFOPLIST_KEY_UISupportedInterfaceOrientations_iPhone = "UIInterfaceOrientationPortrait UIInterfaceOrientationLandscapeLeft UIInterfaceOrientationLandscapeRight";
				LD_RUNPATH_SEARCH_PATHS = (
					"$(inherited)",
					"@executable_path/Frameworks",
				);
				MARKETING_VERSION = 1.0;
				PRODUCT_BUNDLE_IDENTIFIER = "EthanMackey.HEX-a-CAM";
				PRODUCT_NAME = "$(TARGET_NAME)";
				SWIFT_EMIT_LOC_STRINGS = YES;
				SWIFT_VERSION = 5.0;
				TARGETED_DEVICE_FAMILY = "1,2";
			};
			name = Debug;
		};
		525832F52AA470A100C19485 /* Release */ = {
			isa = XCBuildConfiguration;
			buildSettings = {
				ASSETCATALOG_COMPILER_APPICON_NAME = AppIcon;
				ASSETCATALOG_COMPILER_GLOBAL_ACCENT_COLOR_NAME = AccentColor;
				CODE_SIGN_STYLE = Automatic;
				CURRENT_PROJECT_VERSION = 1;
				DEVELOPMENT_ASSET_PATHS = "\"HEX-a-CAM/Preview Content\"";
				DEVELOPMENT_TEAM = 8XV3YM4AAQ;
				ENABLE_PREVIEWS = YES;
				GENERATE_INFOPLIST_FILE = YES;
				INFOPLIST_FILE = "HEX-a-CAM/Info.plist";
				INFOPLIST_KEY_NSCameraUsageDescription = "HEX-a-CAM needs camera access to detect colors for the app to function correctly. ";
				INFOPLIST_KEY_NSVideoSubscriberAccountUsageDescription = "";
				INFOPLIST_KEY_UIApplicationSceneManifest_Generation = YES;
				INFOPLIST_KEY_UIApplicationSupportsIndirectInputEvents = YES;
				INFOPLIST_KEY_UILaunchScreen_Generation = YES;
				INFOPLIST_KEY_UILaunchStoryboardName = LaunchScreen.storyboard;
				INFOPLIST_KEY_UISupportedInterfaceOrientations_iPad = "UIInterfaceOrientationPortrait UIInterfaceOrientationPortraitUpsideDown UIInterfaceOrientationLandscapeLeft UIInterfaceOrientationLandscapeRight";
				INFOPLIST_KEY_UISupportedInterfaceOrientations_iPhone = "UIInterfaceOrientationPortrait UIInterfaceOrientationLandscapeLeft UIInterfaceOrientationLandscapeRight";
				LD_RUNPATH_SEARCH_PATHS = (
					"$(inherited)",
					"@executable_path/Frameworks",
				);
				MARKETING_VERSION = 1.0;
				PRODUCT_BUNDLE_IDENTIFIER = "EthanMackey.HEX-a-CAM";
				PRODUCT_NAME = "$(TARGET_NAME)";
				SWIFT_EMIT_LOC_STRINGS = YES;
				SWIFT_VERSION = 5.0;
				TARGETED_DEVICE_FAMILY = "1,2";
			};
			name = Release;
		};
		525832F72AA470A100C19485 /* Debug */ = {
			isa = XCBuildConfiguration;
			buildSettings = {
				ALWAYS_EMBED_SWIFT_STANDARD_LIBRARIES = YES;
				BUNDLE_LOADER = "$(TEST_HOST)";
				CODE_SIGN_STYLE = Automatic;
				CURRENT_PROJECT_VERSION = 1;
				DEVELOPMENT_TEAM = 8XV3YM4AAQ;
				GENERATE_INFOPLIST_FILE = YES;
				IPHONEOS_DEPLOYMENT_TARGET = 17.0;
				MARKETING_VERSION = 1.0;
				PRODUCT_BUNDLE_IDENTIFIER = "EthanMackey.HEX-a-CAMTests";
				PRODUCT_NAME = "$(TARGET_NAME)";
				SWIFT_EMIT_LOC_STRINGS = NO;
				SWIFT_VERSION = 5.0;
				TARGETED_DEVICE_FAMILY = "1,2";
				TEST_HOST = "$(BUILT_PRODUCTS_DIR)/HEX-a-CAM.app/$(BUNDLE_EXECUTABLE_FOLDER_PATH)/HEX-a-CAM";
			};
			name = Debug;
		};
		525832F82AA470A100C19485 /* Release */ = {
			isa = XCBuildConfiguration;
			buildSettings = {
				ALWAYS_EMBED_SWIFT_STANDARD_LIBRARIES = YES;
				BUNDLE_LOADER = "$(TEST_HOST)";
				CODE_SIGN_STYLE = Automatic;
				CURRENT_PROJECT_VERSION = 1;
				DEVELOPMENT_TEAM = 8XV3YM4AAQ;
				GENERATE_INFOPLIST_FILE = YES;
				IPHONEOS_DEPLOYMENT_TARGET = 17.0;
				MARKETING_VERSION = 1.0;
				PRODUCT_BUNDLE_IDENTIFIER = "EthanMackey.HEX-a-CAMTests";
				PRODUCT_NAME = "$(TARGET_NAME)";
				SWIFT_EMIT_LOC_STRINGS = NO;
				SWIFT_VERSION = 5.0;
				TARGETED_DEVICE_FAMILY = "1,2";
				TEST_HOST = "$(BUILT_PRODUCTS_DIR)/HEX-a-CAM.app/$(BUNDLE_EXECUTABLE_FOLDER_PATH)/HEX-a-CAM";
			};
			name = Release;
		};
		525832FA2AA470A100C19485 /* Debug */ = {
			isa = XCBuildConfiguration;
			buildSettings = {
				ALWAYS_EMBED_SWIFT_STANDARD_LIBRARIES = YES;
				CODE_SIGN_STYLE = Automatic;
				CURRENT_PROJECT_VERSION = 1;
				DEVELOPMENT_TEAM = 8XV3YM4AAQ;
				GENERATE_INFOPLIST_FILE = YES;
				MARKETING_VERSION = 1.0;
				PRODUCT_BUNDLE_IDENTIFIER = "EthanMackey.HEX-a-CAMUITests";
				PRODUCT_NAME = "$(TARGET_NAME)";
				SWIFT_EMIT_LOC_STRINGS = NO;
				SWIFT_VERSION = 5.0;
				TARGETED_DEVICE_FAMILY = "1,2";
				TEST_TARGET_NAME = "HEX-a-CAM";
			};
			name = Debug;
		};
		525832FB2AA470A100C19485 /* Release */ = {
			isa = XCBuildConfiguration;
			buildSettings = {
				ALWAYS_EMBED_SWIFT_STANDARD_LIBRARIES = YES;
				CODE_SIGN_STYLE = Automatic;
				CURRENT_PROJECT_VERSION = 1;
				DEVELOPMENT_TEAM = 8XV3YM4AAQ;
				GENERATE_INFOPLIST_FILE = YES;
				MARKETING_VERSION = 1.0;
				PRODUCT_BUNDLE_IDENTIFIER = "EthanMackey.HEX-a-CAMUITests";
				PRODUCT_NAME = "$(TARGET_NAME)";
				SWIFT_EMIT_LOC_STRINGS = NO;
				SWIFT_VERSION = 5.0;
				TARGETED_DEVICE_FAMILY = "1,2";
				TEST_TARGET_NAME = "HEX-a-CAM";
			};
			name = Release;
		};
/* End XCBuildConfiguration section */

/* Begin XCConfigurationList section */
		525832C82AA4709F00C19485 /* Build configuration list for PBXProject "HEX-a-CAM" */ = {
			isa = XCConfigurationList;
			buildConfigurations = (
				525832F12AA470A100C19485 /* Debug */,
				525832F22AA470A100C19485 /* Release */,
			);
			defaultConfigurationIsVisible = 0;
			defaultConfigurationName = Release;
		};
		525832F32AA470A100C19485 /* Build configuration list for PBXNativeTarget "HEX-a-CAM" */ = {
			isa = XCConfigurationList;
			buildConfigurations = (
				525832F42AA470A100C19485 /* Debug */,
				525832F52AA470A100C19485 /* Release */,
			);
			defaultConfigurationIsVisible = 0;
			defaultConfigurationName = Release;
		};
		525832F62AA470A100C19485 /* Build configuration list for PBXNativeTarget "HEX-a-CAMTests" */ = {
			isa = XCConfigurationList;
			buildConfigurations = (
				525832F72AA470A100C19485 /* Debug */,
				525832F82AA470A100C19485 /* Release */,
			);
			defaultConfigurationIsVisible = 0;
			defaultConfigurationName = Release;
		};
		525832F92AA470A100C19485 /* Build configuration list for PBXNativeTarget "HEX-a-CAMUITests" */ = {
			isa = XCConfigurationList;
			buildConfigurations = (
				525832FA2AA470A100C19485 /* Debug */,
				525832FB2AA470A100C19485 /* Release */,
			);
			defaultConfigurationIsVisible = 0;
			defaultConfigurationName = Release;
		};
/* End XCConfigurationList section */
	};
	rootObject = 525832C52AA4709F00C19485 /* Project object */;
}
